// !$*UTF8*$!
{
	archiveVersion = 1;
	classes = {
	};
	objectVersion = 50;
	objects = {

/* Begin PBXBuildFile section */
		4AA1BB8E267D467F00E64995 /* AppDelegate.swift in Sources */ = {isa = PBXBuildFile; fileRef = 4AA1BB8D267D467F00E64995 /* AppDelegate.swift */; };
		4AA1BB90267D467F00E64995 /* SceneDelegate.swift in Sources */ = {isa = PBXBuildFile; fileRef = 4AA1BB8F267D467F00E64995 /* SceneDelegate.swift */; };
		4AA1BB92267D467F00E64995 /* ViewController.swift in Sources */ = {isa = PBXBuildFile; fileRef = 4AA1BB91267D467F00E64995 /* ViewController.swift */; };
		4AA1BB95267D467F00E64995 /* Main.storyboard in Resources */ = {isa = PBXBuildFile; fileRef = 4AA1BB93267D467F00E64995 /* Main.storyboard */; };
		4AA1BB97267D468300E64995 /* Assets.xcassets in Resources */ = {isa = PBXBuildFile; fileRef = 4AA1BB96267D468300E64995 /* Assets.xcassets */; };
		4AA1BB9A267D468300E64995 /* LaunchScreen.storyboard in Resources */ = {isa = PBXBuildFile; fileRef = 4AA1BB98267D468300E64995 /* LaunchScreen.storyboard */; };
		4AA1BBC4267D4DC100E64995 /* StudentDetailViewController.swift in Sources */ = {isa = PBXBuildFile; fileRef = 4AA1BBC3267D4DC100E64995 /* StudentDetailViewController.swift */; };
		4AA1BBC7267D50C500E64995 /* Student.swift in Sources */ = {isa = PBXBuildFile; fileRef = 4AA1BBC6267D50C500E64995 /* Student.swift */; };
/* End PBXBuildFile section */

/* Begin PBXFileReference section */
		4AA1BB8A267D467F00E64995 /* StudentPortal.app */ = {isa = PBXFileReference; explicitFileType = wrapper.application; includeInIndex = 0; path = StudentPortal.app; sourceTree = BUILT_PRODUCTS_DIR; };
		4AA1BB8D267D467F00E64995 /* AppDelegate.swift */ = {isa = PBXFileReference; lastKnownFileType = sourcecode.swift; path = AppDelegate.swift; sourceTree = "<group>"; };
		4AA1BB8F267D467F00E64995 /* SceneDelegate.swift */ = {isa = PBXFileReference; lastKnownFileType = sourcecode.swift; path = SceneDelegate.swift; sourceTree = "<group>"; };
		4AA1BB91267D467F00E64995 /* ViewController.swift */ = {isa = PBXFileReference; lastKnownFileType = sourcecode.swift; path = ViewController.swift; sourceTree = "<group>"; };
		4AA1BB94267D467F00E64995 /* Base */ = {isa = PBXFileReference; lastKnownFileType = file.storyboard; name = Base; path = Base.lproj/Main.storyboard; sourceTree = "<group>"; };
		4AA1BB96267D468300E64995 /* Assets.xcassets */ = {isa = PBXFileReference; lastKnownFileType = folder.assetcatalog; path = Assets.xcassets; sourceTree = "<group>"; };
		4AA1BB99267D468300E64995 /* Base */ = {isa = PBXFileReference; lastKnownFileType = file.storyboard; name = Base; path = Base.lproj/LaunchScreen.storyboard; sourceTree = "<group>"; };
		4AA1BB9B267D468300E64995 /* Info.plist */ = {isa = PBXFileReference; lastKnownFileType = text.plist.xml; path = Info.plist; sourceTree = "<group>"; };
		4AA1BBC3267D4DC100E64995 /* StudentDetailViewController.swift */ = {isa = PBXFileReference; lastKnownFileType = sourcecode.swift; path = StudentDetailViewController.swift; sourceTree = "<group>"; };
		4AA1BBC6267D50C500E64995 /* Student.swift */ = {isa = PBXFileReference; lastKnownFileType = sourcecode.swift; path = Student.swift; sourceTree = "<group>"; };
/* End PBXFileReference section */

/* Begin PBXFrameworksBuildPhase section */
		4AA1BB87267D467F00E64995 /* Frameworks */ = {
			isa = PBXFrameworksBuildPhase;
			buildActionMask = 2147483647;
			files = (
			);
			runOnlyForDeploymentPostprocessing = 0;
		};
/* End PBXFrameworksBuildPhase section */

/* Begin PBXGroup section */
		4AA1BB81267D467F00E64995 = {
			isa = PBXGroup;
			children = (
				4AA1BB8C267D467F00E64995 /* StudentPortal */,
				4AA1BB8B267D467F00E64995 /* Products */,
			);
			sourceTree = "<group>";
		};
		4AA1BB8B267D467F00E64995 /* Products */ = {
			isa = PBXGroup;
			children = (
				4AA1BB8A267D467F00E64995 /* StudentPortal.app */,
			);
			name = Products;
			sourceTree = "<group>";
		};
		4AA1BB8C267D467F00E64995 /* StudentPortal */ = {
			isa = PBXGroup;
			children = (
				4AA1BB8D267D467F00E64995 /* AppDelegate.swift */,
				4AA1BB8F267D467F00E64995 /* SceneDelegate.swift */,
				4AA1BB91267D467F00E64995 /* ViewController.swift */,
				4AA1BB93267D467F00E64995 /* Main.storyboard */,
				4AA1BB96267D468300E64995 /* Assets.xcassets */,
				4AA1BB98267D468300E64995 /* LaunchScreen.storyboard */,
				4AA1BB9B267D468300E64995 /* Info.plist */,
				4AA1BBC3267D4DC100E64995 /* StudentDetailViewController.swift */,
				4AA1BBC6267D50C500E64995 /* Student.swift */,
			);
			path = StudentPortal;
			sourceTree = "<group>";
		};
/* End PBXGroup section */

/* Begin PBXNativeTarget section */
		4AA1BB89267D467F00E64995 /* StudentPortal */ = {
			isa = PBXNativeTarget;
			buildConfigurationList = 4AA1BB9E267D468300E64995 /* Build configuration list for PBXNativeTarget "StudentPortal" */;
			buildPhases = (
				4AA1BB86267D467F00E64995 /* Sources */,
				4AA1BB87267D467F00E64995 /* Frameworks */,
				4AA1BB88267D467F00E64995 /* Resources */,
			);
			buildRules = (
			);
			dependencies = (
			);
			name = StudentPortal;
			productName = StudentPortal;
			productReference = 4AA1BB8A267D467F00E64995 /* StudentPortal.app */;
			productType = "com.apple.product-type.application";
		};
/* End PBXNativeTarget section */

/* Begin PBXProject section */
		4AA1BB82267D467F00E64995 /* Project object */ = {
			isa = PBXProject;
			attributes = {
				LastSwiftUpdateCheck = 1240;
				LastUpgradeCheck = 1240;
				TargetAttributes = {
					4AA1BB89267D467F00E64995 = {
						CreatedOnToolsVersion = 12.4;
					};
				};
			};
			buildConfigurationList = 4AA1BB85267D467F00E64995 /* Build configuration list for PBXProject "StudentPortal" */;
			compatibilityVersion = "Xcode 9.3";
			developmentRegion = en;
			hasScannedForEncodings = 0;
			knownRegions = (
				en,
				Base,
			);
			mainGroup = 4AA1BB81267D467F00E64995;
			productRefGroup = 4AA1BB8B267D467F00E64995 /* Products */;
			projectDirPath = "";
			projectRoot = "";
			targets = (
				4AA1BB89267D467F00E64995 /* StudentPortal */,
			);
		};
/* End PBXProject section */

/* Begin PBXResourcesBuildPhase section */
		4AA1BB88267D467F00E64995 /* Resources */ = {
			isa = PBXResourcesBuildPhase;
			buildActionMask = 2147483647;
			files = (
				4AA1BB9A267D468300E64995 /* LaunchScreen.storyboard in Resources */,
				4AA1BB97267D468300E64995 /* Assets.xcassets in Resources */,
				4AA1BB95267D467F00E64995 /* Main.storyboard in Resources */,
			);
			runOnlyForDeploymentPostprocessing = 0;
		};
/* End PBXResourcesBuildPhase section */

/* Begin PBXSourcesBuildPhase section */
		4AA1BB86267D467F00E64995 /* Sources */ = {
			isa = PBXSourcesBuildPhase;
			buildActionMask = 2147483647;
			files = (
				4AA1BB92267D467F00E64995 /* ViewController.swift in Sources */,
				4AA1BB8E267D467F00E64995 /* AppDelegate.swift in Sources */,
				4AA1BB90267D467F00E64995 /* SceneDelegate.swift in Sources */,
				4AA1BBC7267D50C500E64995 /* Student.swift in Sources */,
				4AA1BBC4267D4DC100E64995 /* StudentDetailViewController.swift in Sources */,
			);
			runOnlyForDeploymentPostprocessing = 0;
		};
/* End PBXSourcesBuildPhase section */

/* Begin PBXVariantGroup section */
		4AA1BB93267D467F00E64995 /* Main.storyboard */ = {
			isa = PBXVariantGroup;
			children = (
				4AA1BB94267D467F00E64995 /* Base */,
			);
			name = Main.storyboard;
			sourceTree = "<group>";
		};
		4AA1BB98267D468300E64995 /* LaunchScreen.storyboard */ = {
			isa = PBXVariantGroup;
			children = (
				4AA1BB99267D468300E64995 /* Base */,
			);
			name = LaunchScreen.storyboard;
			sourceTree = "<group>";
		};
/* End PBXVariantGroup section */

/* Begin XCBuildConfiguration section */
		4AA1BB9C267D468300E64995 /* Debug */ = {
			isa = XCBuildConfiguration;
			buildSettings = {
				ALWAYS_SEARCH_USER_PATHS = NO;
				CLANG_ANALYZER_NONNULL = YES;
				CLANG_ANALYZER_NUMBER_OBJECT_CONVERSION = YES_AGGRESSIVE;
				CLANG_CXX_LANGUAGE_STANDARD = "gnu++14";
				CLANG_CXX_LIBRARY = "libc++";
				CLANG_ENABLE_MODULES = YES;
				CLANG_ENABLE_OBJC_ARC = YES;
				CLANG_ENABLE_OBJC_WEAK = YES;
				CLANG_WARN_BLOCK_CAPTURE_AUTORELEASING = YES;
				CLANG_WARN_BOOL_CONVERSION = YES;
				CLANG_WARN_COMMA = YES;
				CLANG_WARN_CONSTANT_CONVERSION = YES;
				CLANG_WARN_DEPRECATED_OBJC_IMPLEMENTATIONS = YES;
				CLANG_WARN_DIRECT_OBJC_ISA_USAGE = YES_ERROR;
				CLANG_WARN_DOCUMENTATION_COMMENTS = YES;
				CLANG_WARN_EMPTY_BODY = YES;
				CLANG_WARN_ENUM_CONVERSION = YES;
				CLANG_WARN_INFINITE_RECURSION = YES;
				CLANG_WARN_INT_CONVERSION = YES;
				CLANG_WARN_NON_LITERAL_NULL_CONVERSION = YES;
				CLANG_WARN_OBJC_IMPLICIT_RETAIN_SELF = YES;
				CLANG_WARN_OBJC_LITERAL_CONVERSION = YES;
				CLANG_WARN_OBJC_ROOT_CLASS = YES_ERROR;
				CLANG_WARN_QUOTED_INCLUDE_IN_FRAMEWORK_HEADER = YES;
				CLANG_WARN_RANGE_LOOP_ANALYSIS = YES;
				CLANG_WARN_STRICT_PROTOTYPES = YES;
				CLANG_WARN_SUSPICIOUS_MOVE = YES;
				CLANG_WARN_UNGUARDED_AVAILABILITY = YES_AGGRESSIVE;
				CLANG_WARN_UNREACHABLE_CODE = YES;
				CLANG_WARN__DUPLICATE_METHOD_MATCH = YES;
				COPY_PHASE_STRIP = NO;
				DEBUG_INFORMATION_FORMAT = dwarf;
				ENABLE_STRICT_OBJC_MSGSEND = YES;
				ENABLE_TESTABILITY = YES;
				GCC_C_LANGUAGE_STANDARD = gnu11;
				GCC_DYNAMIC_NO_PIC = NO;
				GCC_NO_COMMON_BLOCKS = YES;
				GCC_OPTIMIZATION_LEVEL = 0;
				GCC_PREPROCESSOR_DEFINITIONS = (
					"DEBUG=1",
					"$(inherited)",
				);
				GCC_WARN_64_TO_32_BIT_CONVERSION = YES;
				GCC_WARN_ABOUT_RETURN_TYPE = YES_ERROR;
				GCC_WARN_UNDECLARED_SELECTOR = YES;
				GCC_WARN_UNINITIALIZED_AUTOS = YES_AGGRESSIVE;
				GCC_WARN_UNUSED_FUNCTION = YES;
				GCC_WARN_UNUSED_VARIABLE = YES;
				IPHONEOS_DEPLOYMENT_TARGET = 14.4;
				MTL_ENABLE_DEBUG_INFO = INCLUDE_SOURCE;
				MTL_FAST_MATH = YES;
				ONLY_ACTIVE_ARCH = YES;
				SDKROOT = iphoneos;
				SWIFT_ACTIVE_COMPILATION_CONDITIONS = DEBUG;
				SWIFT_OPTIMIZATION_LEVEL = "-Onone";
			};
			name = Debug;
		};
		4AA1BB9D267D468300E64995 /* Release */ = {
			isa = XCBuildConfiguration;
			buildSettings = {
				ALWAYS_SEARCH_USER_PATHS = NO;
				CLANG_ANALYZER_NONNULL = YES;
				CLANG_ANALYZER_NUMBER_OBJECT_CONVERSION = YES_AGGRESSIVE;
				CLANG_CXX_LANGUAGE_STANDARD = "gnu++14";
				CLANG_CXX_LIBRARY = "libc++";
				CLANG_ENABLE_MODULES = YES;
				CLANG_ENABLE_OBJC_ARC = YES;
				CLANG_ENABLE_OBJC_WEAK = YES;
				CLANG_WARN_BLOCK_CAPTURE_AUTORELEASING = YES;
				CLANG_WARN_BOOL_CONVERSION = YES;
				CLANG_WARN_COMMA = YES;
				CLANG_WARN_CONSTANT_CONVERSION = YES;
				CLANG_WARN_DEPRECATED_OBJC_IMPLEMENTATIONS = YES;
				CLANG_WARN_DIRECT_OBJC_ISA_USAGE = YES_ERROR;
				CLANG_WARN_DOCUMENTATION_COMMENTS = YES;
				CLANG_WARN_EMPTY_BODY = YES;
				CLANG_WARN_ENUM_CONVERSION = YES;
				CLANG_WARN_INFINITE_RECURSION = YES;
				CLANG_WARN_INT_CONVERSION = YES;
				CLANG_WARN_NON_LITERAL_NULL_CONVERSION = YES;
				CLANG_WARN_OBJC_IMPLICIT_RETAIN_SELF = YES;
				CLANG_WARN_OBJC_LITERAL_CONVERSION = YES;
				CLANG_WARN_OBJC_ROOT_CLASS = YES_ERROR;
				CLANG_WARN_QUOTED_INCLUDE_IN_FRAMEWORK_HEADER = YES;
				CLANG_WARN_RANGE_LOOP_ANALYSIS = YES;
				CLANG_WARN_STRICT_PROTOTYPES = YES;
				CLANG_WARN_SUSPICIOUS_MOVE = YES;
				CLANG_WARN_UNGUARDED_AVAILABILITY = YES_AGGRESSIVE;
				CLANG_WARN_UNREACHABLE_CODE = YES;
				CLANG_WARN__DUPLICATE_METHOD_MATCH = YES;
				COPY_PHASE_STRIP = NO;
				DEBUG_INFORMATION_FORMAT = "dwarf-with-dsym";
				ENABLE_NS_ASSERTIONS = NO;
				ENABLE_STRICT_OBJC_MSGSEND = YES;
				GCC_C_LANGUAGE_STANDARD = gnu11;
				GCC_NO_COMMON_BLOCKS = YES;
				GCC_WARN_64_TO_32_BIT_CONVERSION = YES;
				GCC_WARN_ABOUT_RETURN_TYPE = YES_ERROR;
				GCC_WARN_UNDECLARED_SELECTOR = YES;
				GCC_WARN_UNINITIALIZED_AUTOS = YES_AGGRESSIVE;
				GCC_WARN_UNUSED_FUNCTION = YES;
				GCC_WARN_UNUSED_VARIABLE = YES;
				IPHONEOS_DEPLOYMENT_TARGET = 14.4;
				MTL_ENABLE_DEBUG_INFO = NO;
				MTL_FAST_MATH = YES;
				SDKROOT = iphoneos;
				SWIFT_COMPILATION_MODE = wholemodule;
				SWIFT_OPTIMIZATION_LEVEL = "-O";
				VALIDATE_PRODUCT = YES;
			};
			name = Release;
		};
		4AA1BB9F267D468300E64995 /* Debug */ = {
			isa = XCBuildConfiguration;
			buildSettings = {
				ASSETCATALOG_COMPILER_APPICON_NAME = AppIcon;
				ASSETCATALOG_COMPILER_GLOBAL_ACCENT_COLOR_NAME = AccentColor;
				CODE_SIGN_STYLE = Automatic;
				DEVELOPMENT_TEAM = RTA2C3JNK3;
				INFOPLIST_FILE = StudentPortal/Info.plist;
				LD_RUNPATH_SEARCH_PATHS = (
					"$(inherited)",
					"@executable_path/Frameworks",
				);
				PRODUCT_BUNDLE_IDENTIFIER = com.crampsalot.StudentPortal;
				PRODUCT_NAME = "$(TARGET_NAME)";
				SWIFT_VERSION = 5.0;
				TARGETED_DEVICE_FAMILY = "1,2";
			};
			name = Debug;
		};
		4AA1BBA0267D468300E64995 /* Release */ = {
			isa = XCBuildConfiguration;
			buildSettings = {
				ASSETCATALOG_COMPILER_APPICON_NAME = AppIcon;
				ASSETCATALOG_COMPILER_GLOBAL_ACCENT_COLOR_NAME = AccentColor;
				CODE_SIGN_STYLE = Automatic;
				DEVELOPMENT_TEAM = RTA2C3JNK3;
				INFOPLIST_FILE = StudentPortal/Info.plist;
				LD_RUNPATH_SEARCH_PATHS = (
					"$(inherited)",
					"@executable_path/Frameworks",
				);
				PRODUCT_BUNDLE_IDENTIFIER = com.crampsalot.StudentPortal;
				PRODUCT_NAME = "$(TARGET_NAME)";
				SWIFT_VERSION = 5.0;
				TARGETED_DEVICE_FAMILY = "1,2";
			};
			name = Release;
		};
/* End XCBuildConfiguration section */

/* Begin XCConfigurationList section */
		4AA1BB85267D467F00E64995 /* Build configuration list for PBXProject "StudentPortal" */ = {
			isa = XCConfigurationList;
			buildConfigurations = (
				4AA1BB9C267D468300E64995 /* Debug */,
				4AA1BB9D267D468300E64995 /* Release */,
			);
			defaultConfigurationIsVisible = 0;
			defaultConfigurationName = Release;
		};
		4AA1BB9E267D468300E64995 /* Build configuration list for PBXNativeTarget "StudentPortal" */ = {
			isa = XCConfigurationList;
			buildConfigurations = (
				4AA1BB9F267D468300E64995 /* Debug */,
				4AA1BBA0267D468300E64995 /* Release */,
			);
			defaultConfigurationIsVisible = 0;
			defaultConfigurationName = Release;
		};
/* End XCConfigurationList section */
	};
	rootObject = 4AA1BB82267D467F00E64995 /* Project object */;
}
